
Microsoft Visual Studio Solution File, Format Version 12.00
# Visual Studio 15
Project("{FAE04EC0-301F-11D3-BF4B-00C04F79EFBC}") = "MQTTester.Android", "MQTTester.Android\MQTTester.Android.csproj", "{12442983-14F6-4E22-A7B8-F98CB0649127}"
EndProject
Project("{FAE04EC0-301F-11D3-BF4B-00C04F79EFBC}") = "MQTTester.iOS", "MQTTester.iOS\MQTTester.iOS.csproj", "{654991DB-39B4-4327-A2E3-D303E53850F0}"
EndProject
Project("{FAE04EC0-301F-11D3-BF4B-00C04F79EFBC}") = "MQTTester.UITests", "MQTTester.UITests\MQTTester.UITests.csproj", "{D5A12E53-6378-4385-A4BA-7D58D0FA8C0B}"
EndProject
Project("{FAE04EC0-301F-11D3-BF4B-00C04F79EFBC}") = "MQTTester", "MQTTester\MQTTester.csproj", "{B9BCA3CA-0BE4-473B-A937-BCD815CD6596}"
EndProject
Global
	GlobalSection(SolutionConfigurationPlatforms) = preSolution
		Debug|Any CPU = Debug|Any CPU
		Release|Any CPU = Release|Any CPU
		Debug|iPhoneSimulator = Debug|iPhoneSimulator
		Release|iPhoneSimulator = Release|iPhoneSimulator
		Debug|iPhone = Debug|iPhone
		Release|iPhone = Release|iPhone
	EndGlobalSection
	GlobalSection(ProjectConfigurationPlatforms) = postSolution
		{12442983-14F6-4E22-A7B8-F98CB0649127}.Debug|Any CPU.ActiveCfg = Debug|Any CPU
		{12442983-14F6-4E22-A7B8-F98CB0649127}.Debug|Any CPU.Build.0 = Debug|Any CPU
		{12442983-14F6-4E22-A7B8-F98CB0649127}.Release|Any CPU.ActiveCfg = Release|Any CPU
		{12442983-14F6-4E22-A7B8-F98CB0649127}.Release|Any CPU.Build.0 = Release|Any CPU
		{12442983-14F6-4E22-A7B8-F98CB0649127}.Debug|iPhoneSimulator.ActiveCfg = Debug|Any CPU
		{12442983-14F6-4E22-A7B8-F98CB0649127}.Debug|iPhoneSimulator.Build.0 = Debug|Any CPU
		{12442983-14F6-4E22-A7B8-F98CB0649127}.Release|iPhoneSimulator.ActiveCfg = Release|Any CPU
		{12442983-14F6-4E22-A7B8-F98CB0649127}.Release|iPhoneSimulator.Build.0 = Release|Any CPU
		{12442983-14F6-4E22-A7B8-F98CB0649127}.Debug|iPhone.ActiveCfg = Debug|Any CPU
		{12442983-14F6-4E22-A7B8-F98CB0649127}.Debug|iPhone.Build.0 = Debug|Any CPU
		{12442983-14F6-4E22-A7B8-F98CB0649127}.Release|iPhone.ActiveCfg = Release|Any CPU
		{12442983-14F6-4E22-A7B8-F98CB0649127}.Release|iPhone.Build.0 = Release|Any CPU
		{654991DB-39B4-4327-A2E3-D303E53850F0}.Debug|Any CPU.ActiveCfg = Debug|iPhoneSimulator
		{654991DB-39B4-4327-A2E3-D303E53850F0}.Debug|Any CPU.Build.0 = Debug|iPhoneSimulator
		{654991DB-39B4-4327-A2E3-D303E53850F0}.Release|Any CPU.ActiveCfg = Release|iPhoneSimulator
		{654991DB-39B4-4327-A2E3-D303E53850F0}.Release|Any CPU.Build.0 = Release|iPhoneSimulator
		{654991DB-39B4-4327-A2E3-D303E53850F0}.Debug|iPhoneSimulator.ActiveCfg = Debug|iPhoneSimulator
		{654991DB-39B4-4327-A2E3-D303E53850F0}.Debug|iPhoneSimulator.Build.0 = Debug|iPhoneSimulator
		{654991DB-39B4-4327-A2E3-D303E53850F0}.Release|iPhoneSimulator.ActiveCfg = Release|iPhoneSimulator
		{654991DB-39B4-4327-A2E3-D303E53850F0}.Release|iPhoneSimulator.Build.0 = Release|iPhoneSimulator
		{654991DB-39B4-4327-A2E3-D303E53850F0}.Debug|iPhone.ActiveCfg = Debug|iPhone
		{654991DB-39B4-4327-A2E3-D303E53850F0}.Debug|iPhone.Build.0 = Debug|iPhone
		{654991DB-39B4-4327-A2E3-D303E53850F0}.Release|iPhone.ActiveCfg = Release|iPhone
		{654991DB-39B4-4327-A2E3-D303E53850F0}.Release|iPhone.Build.0 = Release|iPhone
		{D5A12E53-6378-4385-A4BA-7D58D0FA8C0B}.Debug|Any CPU.ActiveCfg = Debug|Any CPU
		{D5A12E53-6378-4385-A4BA-7D58D0FA8C0B}.Debug|Any CPU.Build.0 = Debug|Any CPU
		{D5A12E53-6378-4385-A4BA-7D58D0FA8C0B}.Release|Any CPU.ActiveCfg = Release|Any CPU
		{D5A12E53-6378-4385-A4BA-7D58D0FA8C0B}.Release|Any CPU.Build.0 = Release|Any CPU
		{D5A12E53-6378-4385-A4BA-7D58D0FA8C0B}.Debug|iPhoneSimulator.ActiveCfg = Debug|Any CPU
		{D5A12E53-6378-4385-A4BA-7D58D0FA8C0B}.Debug|iPhoneSimulator.Build.0 = Debug|Any CPU
		{D5A12E53-6378-4385-A4BA-7D58D0FA8C0B}.Release|iPhoneSimulator.ActiveCfg = Release|Any CPU
		{D5A12E53-6378-4385-A4BA-7D58D0FA8C0B}.Release|iPhoneSimulator.Build.0 = Release|Any CPU
		{D5A12E53-6378-4385-A4BA-7D58D0FA8C0B}.Debug|iPhone.ActiveCfg = Debug|Any CPU
		{D5A12E53-6378-4385-A4BA-7D58D0FA8C0B}.Debug|iPhone.Build.0 = Debug|Any CPU
		{D5A12E53-6378-4385-A4BA-7D58D0FA8C0B}.Release|iPhone.ActiveCfg = Release|Any CPU
		{D5A12E53-6378-4385-A4BA-7D58D0FA8C0B}.Release|iPhone.Build.0 = Release|Any CPU
		{B9BCA3CA-0BE4-473B-A937-BCD815CD6596}.Debug|Any CPU.ActiveCfg = Debug|Any CPU
		{B9BCA3CA-0BE4-473B-A937-BCD815CD6596}.Debug|Any CPU.Build.0 = Debug|Any CPU
		{B9BCA3CA-0BE4-473B-A937-BCD815CD6596}.Release|Any CPU.ActiveCfg = Release|Any CPU
		{B9BCA3CA-0BE4-473B-A937-BCD815CD6596}.Release|Any CPU.Build.0 = Release|Any CPU
		{B9BCA3CA-0BE4-473B-A937-BCD815CD6596}.Debug|iPhoneSimulator.ActiveCfg = Debug|Any CPU
		{B9BCA3CA-0BE4-473B-A937-BCD815CD6596}.Debug|iPhoneSimulator.Build.0 = Debug|Any CPU
		{B9BCA3CA-0BE4-473B-A937-BCD815CD6596}.Release|iPhoneSimulator.ActiveCfg = Release|Any CPU
		{B9BCA3CA-0BE4-473B-A937-BCD815CD6596}.Release|iPhoneSimulator.Build.0 = Release|Any CPU
		{B9BCA3CA-0BE4-473B-A937-BCD815CD6596}.Debug|iPhone.ActiveCfg = Debug|Any CPU
		{B9BCA3CA-0BE4-473B-A937-BCD815CD6596}.Debug|iPhone.Build.0 = Debug|Any CPU
		{B9BCA3CA-0BE4-473B-A937-BCD815CD6596}.Release|iPhone.ActiveCfg = Release|Any CPU
		{B9BCA3CA-0BE4-473B-A937-BCD815CD6596}.Release|iPhone.Build.0 = Release|Any CPU
	EndGlobalSection
EndGlobal
